
Microsoft Visual Studio Solution File, Format Version 12.00
# Visual Studio Version 16
VisualStudioVersion = 16.0.31005.135
MinimumVisualStudioVersion = 10.0.40219.1
Project("{FAE04EC0-301F-11D3-BF4B-00C04F79EFBC}") = "BlazorCrypto", "BlazorCrypto\BlazorCrypto.csproj", "{6B73C556-6EE1-46F6-A9AD-751C97E84A00}"
EndProject
Global
	GlobalSection(SolutionConfigurationPlatforms) = preSolution
		Debug|Any CPU = Debug|Any CPU
		Release|Any CPU = Release|Any CPU
	EndGlobalSection
	GlobalSection(ProjectConfigurationPlatforms) = postSolution
		{6B73C556-6EE1-46F6-A9AD-751C97E84A00}.Debug|Any CPU.ActiveCfg = Debug|Any CPU
		{6B73C556-6EE1-46F6-A9AD-751C97E84A00}.Debug|Any CPU.Build.0 = Debug|Any CPU
		{6B73C556-6EE1-46F6-A9AD-751C97E84A00}.Release|Any CPU.ActiveCfg = Release|Any CPU
		{6B73C556-6EE1-46F6-A9AD-751C97E84A00}.Release|Any CPU.Build.0 = Release|Any CPU
	EndGlobalSection
	GlobalSection(SolutionProperties) = preSolution
		HideSolutionNode = FALSE
	EndGlobalSection
	GlobalSection(ExtensibilityGlobals) = postSolution
		SolutionGuid = {C5C65FB7-173A-4F42-83A4-314A72EC44EA}
	EndGlobalSection
EndGlobal
